
Microsoft Visual Studio Solution File, Format Version 12.00
# Visual Studio Version 17
VisualStudioVersion = 17.13.35919.96
MinimumVisualStudioVersion = 10.0.40219.1
Project("{FAE04EC0-301F-11D3-BF4B-00C04F79EFBC}") = "BankAccount.Writer", "BankAccount.Writer\BankAccount.Writer.csproj", "{D2E2862E-E15A-4A2C-858C-36897CD70B35}"
EndProject
Project("{E53339B2-1760-4266-BCC7-CA923CBCF16C}") = "docker-compose", "docker-compose.dcproj", "{81DDED9D-158B-E303-5F62-77A2896D2A5A}"
EndProject
Project("{2150E333-8FDC-42A3-9474-1A3956D46DE8}") = "Solution Items", "Solution Items", "{8EC462FD-D22E-90A8-E5CE-7E832BA40C5D}"
	ProjectSection(SolutionItems) = preProject
		README.md = README.md
	EndProjectSection
EndProject
Project("{2150E333-8FDC-42A3-9474-1A3956D46DE8}") = "SqlScripts", "SqlScripts", "{02EA681E-C7D8-13C7-8484-4AC65E1B71E8}"
	ProjectSection(SolutionItems) = preProject
		SqlScripts\WriterDbSchemaCreation.sql = SqlScripts\WriterDbSchemaCreation.sql
	EndProjectSection
EndProject
Project("{2150E333-8FDC-42A3-9474-1A3956D46DE8}") = "IntegrationEvents", "IntegrationEvents", "{D31A673D-D6A0-4B16-926B-784B76D9F5E8}"
	ProjectSection(SolutionItems) = preProject
		IntegrationEvents\AccountCreatedEvent.json = IntegrationEvents\AccountCreatedEvent.json
		IntegrationEvents\AccountCreditedEvent.json = IntegrationEvents\AccountCreditedEvent.json
		IntegrationEvents\AccountDebitedEvent.json = IntegrationEvents\AccountDebitedEvent.json
		IntegrationEvents\AccountReplyRequestedEvent.json = IntegrationEvents\AccountReplyRequestedEvent.json
		IntegrationEvents\AccountStateCorruptedEvent.json = IntegrationEvents\AccountStateCorruptedEvent.json
		IntegrationEvents\MoneyDepositedEvent.json = IntegrationEvents\MoneyDepositedEvent.json
		IntegrationEvents\MoneyTransferredEvent.json = IntegrationEvents\MoneyTransferredEvent.json
		IntegrationEvents\MoneyWithdrawnEvent.json = IntegrationEvents\MoneyWithdrawnEvent.json
		IntegrationEvents\UserCreatedEvent.json = IntegrationEvents\UserCreatedEvent.json
	EndProjectSection
EndProject
Project("{FAE04EC0-301F-11D3-BF4B-00C04F79EFBC}") = "BankAccount.Reader", "BankAccount.Reader\BankAccount.Reader.csproj", "{39833387-0796-67E4-2FEF-F1E9778B4607}"
EndProject
Project("{FAE04EC0-301F-11D3-BF4B-00C04F79EFBC}") = "BankAccount.TestDataGenerator", "BankAccount.TestDataGenerator\BankAccount.TestDataGenerator.csproj", "{242DD0A7-AD9C-5913-B63E-747C0F344CD6}"
EndProject
Project("{2150E333-8FDC-42A3-9474-1A3956D46DE8}") = "Tests", "Tests", "{213706B2-8EEC-45AC-9B6D-093406AD2DAD}"
EndProject
Project("{FAE04EC0-301F-11D3-BF4B-00C04F79EFBC}") = "BankAccount.Writer.Tests", "Tests\BankAccount.Writer.Tests\BankAccount.Writer.Tests.csproj", "{C4340831-E445-4C39-8D11-5A11FEB8EE56}"
EndProject
Global
	GlobalSection(SolutionConfigurationPlatforms) = preSolution
		Debug|Any CPU = Debug|Any CPU
		Release|Any CPU = Release|Any CPU
	EndGlobalSection
	GlobalSection(ProjectConfigurationPlatforms) = postSolution
		{D2E2862E-E15A-4A2C-858C-36897CD70B35}.Debug|Any CPU.ActiveCfg = Debug|Any CPU
		{D2E2862E-E15A-4A2C-858C-36897CD70B35}.Debug|Any CPU.Build.0 = Debug|Any CPU
		{D2E2862E-E15A-4A2C-858C-36897CD70B35}.Release|Any CPU.ActiveCfg = Release|Any CPU
		{D2E2862E-E15A-4A2C-858C-36897CD70B35}.Release|Any CPU.Build.0 = Release|Any CPU
		{81DDED9D-158B-E303-5F62-77A2896D2A5A}.Debug|Any CPU.ActiveCfg = Debug|Any CPU
		{81DDED9D-158B-E303-5F62-77A2896D2A5A}.Debug|Any CPU.Build.0 = Debug|Any CPU
		{81DDED9D-158B-E303-5F62-77A2896D2A5A}.Release|Any CPU.ActiveCfg = Release|Any CPU
		{81DDED9D-158B-E303-5F62-77A2896D2A5A}.Release|Any CPU.Build.0 = Release|Any CPU
		{39833387-0796-67E4-2FEF-F1E9778B4607}.Debug|Any CPU.ActiveCfg = Debug|Any CPU
		{39833387-0796-67E4-2FEF-F1E9778B4607}.Debug|Any CPU.Build.0 = Debug|Any CPU
		{39833387-0796-67E4-2FEF-F1E9778B4607}.Release|Any CPU.ActiveCfg = Release|Any CPU
		{39833387-0796-67E4-2FEF-F1E9778B4607}.Release|Any CPU.Build.0 = Release|Any CPU
		{242DD0A7-AD9C-5913-B63E-747C0F344CD6}.Debug|Any CPU.ActiveCfg = Debug|Any CPU
		{242DD0A7-AD9C-5913-B63E-747C0F344CD6}.Debug|Any CPU.Build.0 = Debug|Any CPU
		{242DD0A7-AD9C-5913-B63E-747C0F344CD6}.Release|Any CPU.ActiveCfg = Release|Any CPU
		{242DD0A7-AD9C-5913-B63E-747C0F344CD6}.Release|Any CPU.Build.0 = Release|Any CPU
		{C4340831-E445-4C39-8D11-5A11FEB8EE56}.Debug|Any CPU.ActiveCfg = Debug|Any CPU
		{C4340831-E445-4C39-8D11-5A11FEB8EE56}.Debug|Any CPU.Build.0 = Debug|Any CPU
		{C4340831-E445-4C39-8D11-5A11FEB8EE56}.Release|Any CPU.ActiveCfg = Release|Any CPU
		{C4340831-E445-4C39-8D11-5A11FEB8EE56}.Release|Any CPU.Build.0 = Release|Any CPU
	EndGlobalSection
	GlobalSection(SolutionProperties) = preSolution
		HideSolutionNode = FALSE
	EndGlobalSection
	GlobalSection(NestedProjects) = preSolution
		{02EA681E-C7D8-13C7-8484-4AC65E1B71E8} = {8EC462FD-D22E-90A8-E5CE-7E832BA40C5D}
		{D31A673D-D6A0-4B16-926B-784B76D9F5E8} = {8EC462FD-D22E-90A8-E5CE-7E832BA40C5D}
		{C4340831-E445-4C39-8D11-5A11FEB8EE56} = {213706B2-8EEC-45AC-9B6D-093406AD2DAD}
	EndGlobalSection
	GlobalSection(ExtensibilityGlobals) = postSolution
		SolutionGuid = {0DBB2AAB-9F34-4A4C-8DF1-EC14305453BB}
	EndGlobalSection
EndGlobal
